dependencies:
  espressif/esp-dsp:
    component_hash: ed9ac175b14e0414399a2b33c525579414b5bad19a2a67b12ea212def96f9a98
    dependencies:
    - name: idf
      require: private
      version: '>=4.2'
    source:
      registry_url: https://components.espressif.com/
      type: service
    version: 1.8.2
  espressif/esp_codec_dev:
    component_hash: 4779f31a3ba3f9b38aee1afe6ccb9ba8f6108dc3a6e77d39d7d714e9a215371b
    dependencies:
    - name: idf
      require: private
      version: '>=4.0'
    source:
      registry_url: https://components.espressif.com/
      type: service
    version: 1.6.2
  idf:
    source:
      type: idf
    version: 6.1.0
direct_dependencies:
- espressif/esp-dsp
- espressif/esp_codec_dev
- idf
manifest_hash: 94a42afcb01557889923ed9fa7f6ba490f8fe18f08b3f7d1fbd1247caade3b57
target: esp32s3
version: 3.0.0
